// !$*UTF8*$!
{
	archiveVersion = 1;
	classes = {
	};
	objectVersion = 50;
	objects = {

/* Begin PBXBuildFile section */
		AF17DB4B258BE71E00339FE4 /* AppDelegate.swift in Sources */ = {isa = PBXBuildFile; fileRef = AF17DB4A258BE71E00339FE4 /* AppDelegate.swift */; };
		AF17DB4D258BE71E00339FE4 /* SceneDelegate.swift in Sources */ = {isa = PBXBuildFile; fileRef = AF17DB4C258BE71E00339FE4 /* SceneDelegate.swift */; };
		AF17DB4F258BE71E00339FE4 /* ViewController.swift in Sources */ = {isa = PBXBuildFile; fileRef = AF17DB4E258BE71E00339FE4 /* ViewController.swift */; };
		AF17DB52258BE71E00339FE4 /* Main.storyboard in Resources */ = {isa = PBXBuildFile; fileRef = AF17DB50258BE71E00339FE4 /* Main.storyboard */; };
		AF17DB54258BE72100339FE4 /* Assets.xcassets in Resources */ = {isa = PBXBuildFile; fileRef = AF17DB53258BE72100339FE4 /* Assets.xcassets */; };
		AF17DB57258BE72100339FE4 /* LaunchScreen.storyboard in Resources */ = {isa = PBXBuildFile; fileRef = AF17DB55258BE72100339FE4 /* LaunchScreen.storyboard */; };
		AF17DB62258BE72100339FE4 /* CalculatorAppTests.swift in Sources */ = {isa = PBXBuildFile; fileRef = AF17DB61258BE72100339FE4 /* CalculatorAppTests.swift */; };
		AF17DB6D258BE72100339FE4 /* CalculatorAppUITests.swift in Sources */ = {isa = PBXBuildFile; fileRef = AF17DB6C258BE72100339FE4 /* CalculatorAppUITests.swift */; };
		AF3BE10F258D9A9D0056983F /* RoundButton.swift in Sources */ = {isa = PBXBuildFile; fileRef = AF3BE10E258D9A9D0056983F /* RoundButton.swift */; };
/* End PBXBuildFile section */

/* Begin PBXContainerItemProxy section */
		AF17DB5E258BE72100339FE4 /* PBXContainerItemProxy */ = {
			isa = PBXContainerItemProxy;
			containerPortal = AF17DB3F258BE71E00339FE4 /* Project object */;
			proxyType = 1;
			remoteGlobalIDString = AF17DB46258BE71E00339FE4;
			remoteInfo = CalculatorApp;
		};
		AF17DB69258BE72100339FE4 /* PBXContainerItemProxy */ = {
			isa = PBXContainerItemProxy;
			containerPortal = AF17DB3F258BE71E00339FE4 /* Project object */;
			proxyType = 1;
			remoteGlobalIDString = AF17DB46258BE71E00339FE4;
			remoteInfo = CalculatorApp;
		};
/* End PBXContainerItemProxy section */

/* Begin PBXFileReference section */
		AF17DB47258BE71E00339FE4 /* CalculatorApp.app */ = {isa = PBXFileReference; explicitFileType = wrapper.application; includeInIndex = 0; path = CalculatorApp.app; sourceTree = BUILT_PRODUCTS_DIR; };
		AF17DB4A258BE71E00339FE4 /* AppDelegate.swift */ = {isa = PBXFileReference; lastKnownFileType = sourcecode.swift; path = AppDelegate.swift; sourceTree = "<group>"; };
		AF17DB4C258BE71E00339FE4 /* SceneDelegate.swift */ = {isa = PBXFileReference; lastKnownFileType = sourcecode.swift; path = SceneDelegate.swift; sourceTree = "<group>"; };
		AF17DB4E258BE71E00339FE4 /* ViewController.swift */ = {isa = PBXFileReference; lastKnownFileType = sourcecode.swift; path = ViewController.swift; sourceTree = "<group>"; };
		AF17DB51258BE71E00339FE4 /* Base */ = {isa = PBXFileReference; lastKnownFileType = file.storyboard; name = Base; path = Base.lproj/Main.storyboard; sourceTree = "<group>"; };
		AF17DB53258BE72100339FE4 /* Assets.xcassets */ = {isa = PBXFileReference; lastKnownFileType = folder.assetcatalog; path = Assets.xcassets; sourceTree = "<group>"; };
		AF17DB56258BE72100339FE4 /* Base */ = {isa = PBXFileReference; lastKnownFileType = file.storyboard; name = Base; path = Base.lproj/LaunchScreen.storyboard; sourceTree = "<group>"; };
		AF17DB58258BE72100339FE4 /* Info.plist */ = {isa = PBXFileReference; lastKnownFileType = text.plist.xml; path = Info.plist; sourceTree = "<group>"; };
		AF17DB5D258BE72100339FE4 /* CalculatorAppTests.xctest */ = {isa = PBXFileReference; explicitFileType = wrapper.cfbundle; includeInIndex = 0; path = CalculatorAppTests.xctest; sourceTree = BUILT_PRODUCTS_DIR; };
		AF17DB61258BE72100339FE4 /* CalculatorAppTests.swift */ = {isa = PBXFileReference; lastKnownFileType = sourcecode.swift; path = CalculatorAppTests.swift; sourceTree = "<group>"; };
		AF17DB63258BE72100339FE4 /* Info.plist */ = {isa = PBXFileReference; lastKnownFileType = text.plist.xml; path = Info.plist; sourceTree = "<group>"; };
		AF17DB68258BE72100339FE4 /* CalculatorAppUITests.xctest */ = {isa = PBXFileReference; explicitFileType = wrapper.cfbundle; includeInIndex = 0; path = CalculatorAppUITests.xctest; sourceTree = BUILT_PRODUCTS_DIR; };
		AF17DB6C258BE72100339FE4 /* CalculatorAppUITests.swift */ = {isa = PBXFileReference; lastKnownFileType = sourcecode.swift; path = CalculatorAppUITests.swift; sourceTree = "<group>"; };
		AF17DB6E258BE72100339FE4 /* Info.plist */ = {isa = PBXFileReference; lastKnownFileType = text.plist.xml; path = Info.plist; sourceTree = "<group>"; };
		AF3BE10E258D9A9D0056983F /* RoundButton.swift */ = {isa = PBXFileReference; lastKnownFileType = sourcecode.swift; path = RoundButton.swift; sourceTree = "<group>"; };
/* End PBXFileReference section */

/* Begin PBXFrameworksBuildPhase section */
		AF17DB44258BE71E00339FE4 /* Frameworks */ = {
			isa = PBXFrameworksBuildPhase;
			buildActionMask = 2147483647;
			files = (
			);
			runOnlyForDeploymentPostprocessing = 0;
		};
		AF17DB5A258BE72100339FE4 /* Frameworks */ = {
			isa = PBXFrameworksBuildPhase;
			buildActionMask = 2147483647;
			files = (
			);
			runOnlyForDeploymentPostprocessing = 0;
		};
		AF17DB65258BE72100339FE4 /* Frameworks */ = {
			isa = PBXFrameworksBuildPhase;
			buildActionMask = 2147483647;
			files = (
			);
			runOnlyForDeploymentPostprocessing = 0;
		};
/* End PBXFrameworksBuildPhase section */

/* Begin PBXGroup section */
		AF17DB3E258BE71E00339FE4 = {
			isa = PBXGroup;
			children = (
				AF17DB49258BE71E00339FE4 /* CalculatorApp */,
				AF17DB60258BE72100339FE4 /* CalculatorAppTests */,
				AF17DB6B258BE72100339FE4 /* CalculatorAppUITests */,
				AF17DB48258BE71E00339FE4 /* Products */,
			);
			sourceTree = "<group>";
		};
		AF17DB48258BE71E00339FE4 /* Products */ = {
			isa = PBXGroup;
			children = (
				AF17DB47258BE71E00339FE4 /* CalculatorApp.app */,
				AF17DB5D258BE72100339FE4 /* CalculatorAppTests.xctest */,
				AF17DB68258BE72100339FE4 /* CalculatorAppUITests.xctest */,
			);
			name = Products;
			sourceTree = "<group>";
		};
		AF17DB49258BE71E00339FE4 /* CalculatorApp */ = {
			isa = PBXGroup;
			children = (
				AF17DB4A258BE71E00339FE4 /* AppDelegate.swift */,
				AF17DB4C258BE71E00339FE4 /* SceneDelegate.swift */,
				AF17DB4E258BE71E00339FE4 /* ViewController.swift */,
				AF17DB50258BE71E00339FE4 /* Main.storyboard */,
				AF3BE10E258D9A9D0056983F /* RoundButton.swift */,
				AF17DB53258BE72100339FE4 /* Assets.xcassets */,
				AF17DB55258BE72100339FE4 /* LaunchScreen.storyboard */,
				AF17DB58258BE72100339FE4 /* Info.plist */,
			);
			path = CalculatorApp;
			sourceTree = "<group>";
		};
		AF17DB60258BE72100339FE4 /* CalculatorAppTests */ = {
			isa = PBXGroup;
			children = (
				AF17DB61258BE72100339FE4 /* CalculatorAppTests.swift */,
				AF17DB63258BE72100339FE4 /* Info.plist */,
			);
			path = CalculatorAppTests;
			sourceTree = "<group>";
		};
		AF17DB6B258BE72100339FE4 /* CalculatorAppUITests */ = {
			isa = PBXGroup;
			children = (
				AF17DB6C258BE72100339FE4 /* CalculatorAppUITests.swift */,
				AF17DB6E258BE72100339FE4 /* Info.plist */,
			);
			path = CalculatorAppUITests;
			sourceTree = "<group>";
		};
/* End PBXGroup section */

/* Begin PBXNativeTarget section */
		AF17DB46258BE71E00339FE4 /* CalculatorApp */ = {
			isa = PBXNativeTarget;
			buildConfigurationList = AF17DB71258BE72100339FE4 /* Build configuration list for PBXNativeTarget "CalculatorApp" */;
			buildPhases = (
				AF17DB43258BE71E00339FE4 /* Sources */,
				AF17DB44258BE71E00339FE4 /* Frameworks */,
				AF17DB45258BE71E00339FE4 /* Resources */,
			);
			buildRules = (
			);
			dependencies = (
			);
			name = CalculatorApp;
			productName = CalculatorApp;
			productReference = AF17DB47258BE71E00339FE4 /* CalculatorApp.app */;
			productType = "com.apple.product-type.application";
		};
		AF17DB5C258BE72100339FE4 /* CalculatorAppTests */ = {
			isa = PBXNativeTarget;
			buildConfigurationList = AF17DB74258BE72100339FE4 /* Build configuration list for PBXNativeTarget "CalculatorAppTests" */;
			buildPhases = (
				AF17DB59258BE72100339FE4 /* Sources */,
				AF17DB5A258BE72100339FE4 /* Frameworks */,
				AF17DB5B258BE72100339FE4 /* Resources */,
			);
			buildRules = (
			);
			dependencies = (
				AF17DB5F258BE72100339FE4 /* PBXTargetDependency */,
			);
			name = CalculatorAppTests;
			productName = CalculatorAppTests;
			productReference = AF17DB5D258BE72100339FE4 /* CalculatorAppTests.xctest */;
			productType = "com.apple.product-type.bundle.unit-test";
		};
		AF17DB67258BE72100339FE4 /* CalculatorAppUITests */ = {
			isa = PBXNativeTarget;
			buildConfigurationList = AF17DB77258BE72100339FE4 /* Build configuration list for PBXNativeTarget "CalculatorAppUITests" */;
			buildPhases = (
				AF17DB64258BE72100339FE4 /* Sources */,
				AF17DB65258BE72100339FE4 /* Frameworks */,
				AF17DB66258BE72100339FE4 /* Resources */,
			);
			buildRules = (
			);
			dependencies = (
				AF17DB6A258BE72100339FE4 /* PBXTargetDependency */,
			);
			name = CalculatorAppUITests;
			productName = CalculatorAppUITests;
			productReference = AF17DB68258BE72100339FE4 /* CalculatorAppUITests.xctest */;
			productType = "com.apple.product-type.bundle.ui-testing";
		};
/* End PBXNativeTarget section */

/* Begin PBXProject section */
		AF17DB3F258BE71E00339FE4 /* Project object */ = {
			isa = PBXProject;
			attributes = {
				LastSwiftUpdateCheck = 1200;
				LastUpgradeCheck = 1200;
				TargetAttributes = {
					AF17DB46258BE71E00339FE4 = {
						CreatedOnToolsVersion = 12.0;
					};
					AF17DB5C258BE72100339FE4 = {
						CreatedOnToolsVersion = 12.0;
						TestTargetID = AF17DB46258BE71E00339FE4;
					};
					AF17DB67258BE72100339FE4 = {
						CreatedOnToolsVersion = 12.0;
						TestTargetID = AF17DB46258BE71E00339FE4;
					};
				};
			};
			buildConfigurationList = AF17DB42258BE71E00339FE4 /* Build configuration list for PBXProject "CalculatorApp" */;
			compatibilityVersion = "Xcode 9.3";
			developmentRegion = en;
			hasScannedForEncodings = 0;
			knownRegions = (
				en,
				Base,
			);
			mainGroup = AF17DB3E258BE71E00339FE4;
			productRefGroup = AF17DB48258BE71E00339FE4 /* Products */;
			projectDirPath = "";
			projectRoot = "";
			targets = (
				AF17DB46258BE71E00339FE4 /* CalculatorApp */,
				AF17DB5C258BE72100339FE4 /* CalculatorAppTests */,
				AF17DB67258BE72100339FE4 /* CalculatorAppUITests */,
			);
		};
/* End PBXProject section */

/* Begin PBXResourcesBuildPhase section */
		AF17DB45258BE71E00339FE4 /* Resources */ = {
			isa = PBXResourcesBuildPhase;
			buildActionMask = 2147483647;
			files = (
				AF17DB57258BE72100339FE4 /* LaunchScreen.storyboard in Resources */,
				AF17DB54258BE72100339FE4 /* Assets.xcassets in Resources */,
				AF17DB52258BE71E00339FE4 /* Main.storyboard in Resources */,
			);
			runOnlyForDeploymentPostprocessing = 0;
		};
		AF17DB5B258BE72100339FE4 /* Resources */ = {
			isa = PBXResourcesBuildPhase;
			buildActionMask = 2147483647;
			files = (
			);
			runOnlyForDeploymentPostprocessing = 0;
		};
		AF17DB66258BE72100339FE4 /* Resources */ = {
			isa = PBXResourcesBuildPhase;
			buildActionMask = 2147483647;
			files = (
			);
			runOnlyForDeploymentPostprocessing = 0;
		};
/* End PBXResourcesBuildPhase section */

/* Begin PBXSourcesBuildPhase section */
		AF17DB43258BE71E00339FE4 /* Sources */ = {
			isa = PBXSourcesBuildPhase;
			buildActionMask = 2147483647;
			files = (
				AF3BE10F258D9A9D0056983F /* RoundButton.swift in Sources */,
				AF17DB4F258BE71E00339FE4 /* ViewController.swift in Sources */,
				AF17DB4B258BE71E00339FE4 /* AppDelegate.swift in Sources */,
				AF17DB4D258BE71E00339FE4 /* SceneDelegate.swift in Sources */,
			);
			runOnlyForDeploymentPostprocessing = 0;
		};
		AF17DB59258BE72100339FE4 /* Sources */ = {
			isa = PBXSourcesBuildPhase;
			buildActionMask = 2147483647;
			files = (
				AF17DB62258BE72100339FE4 /* CalculatorAppTests.swift in Sources */,
			);
			runOnlyForDeploymentPostprocessing = 0;
		};
		AF17DB64258BE72100339FE4 /* Sources */ = {
			isa = PBXSourcesBuildPhase;
			buildActionMask = 2147483647;
			files = (
				AF17DB6D258BE72100339FE4 /* CalculatorAppUITests.swift in Sources */,
			);
			runOnlyForDeploymentPostprocessing = 0;
		};
/* End PBXSourcesBuildPhase section */

/* Begin PBXTargetDependency section */
		AF17DB5F258BE72100339FE4 /* PBXTargetDependency */ = {
			isa = PBXTargetDependency;
			target = AF17DB46258BE71E00339FE4 /* CalculatorApp */;
			targetProxy = AF17DB5E258BE72100339FE4 /* PBXContainerItemProxy */;
		};
		AF17DB6A258BE72100339FE4 /* PBXTargetDependency */ = {
			isa = PBXTargetDependency;
			target = AF17DB46258BE71E00339FE4 /* CalculatorApp */;
			targetProxy = AF17DB69258BE72100339FE4 /* PBXContainerItemProxy */;
		};
/* End PBXTargetDependency section */

/* Begin PBXVariantGroup section */
		AF17DB50258BE71E00339FE4 /* Main.storyboard */ = {
			isa = PBXVariantGroup;
			children = (
				AF17DB51258BE71E00339FE4 /* Base */,
			);
			name = Main.storyboard;
			sourceTree = "<group>";
		};
		AF17DB55258BE72100339FE4 /* LaunchScreen.storyboard */ = {
			isa = PBXVariantGroup;
			children = (
				AF17DB56258BE72100339FE4 /* Base */,
			);
			name = LaunchScreen.storyboard;
			sourceTree = "<group>";
		};
/* End PBXVariantGroup section */

/* Begin XCBuildConfiguration section */
		AF17DB6F258BE72100339FE4 /* Debug */ = {
			isa = XCBuildConfiguration;
			buildSettings = {
				ALWAYS_SEARCH_USER_PATHS = NO;
				CLANG_ANALYZER_NONNULL = YES;
				CLANG_ANALYZER_NUMBER_OBJECT_CONVERSION = YES_AGGRESSIVE;
				CLANG_CXX_LANGUAGE_STANDARD = "gnu++14";
				CLANG_CXX_LIBRARY = "libc++";
				CLANG_ENABLE_MODULES = YES;
				CLANG_ENABLE_OBJC_ARC = YES;
				CLANG_ENABLE_OBJC_WEAK = YES;
				CLANG_WARN_BLOCK_CAPTURE_AUTORELEASING = YES;
				CLANG_WARN_BOOL_CONVERSION = YES;
				CLANG_WARN_COMMA = YES;
				CLANG_WARN_CONSTANT_CONVERSION = YES;
				CLANG_WARN_DEPRECATED_OBJC_IMPLEMENTATIONS = YES;
				CLANG_WARN_DIRECT_OBJC_ISA_USAGE = YES_ERROR;
				CLANG_WARN_DOCUMENTATION_COMMENTS = YES;
				CLANG_WARN_EMPTY_BODY = YES;
				CLANG_WARN_ENUM_CONVERSION = YES;
				CLANG_WARN_INFINITE_RECURSION = YES;
				CLANG_WARN_INT_CONVERSION = YES;
				CLANG_WARN_NON_LITERAL_NULL_CONVERSION = YES;
				CLANG_WARN_OBJC_IMPLICIT_RETAIN_SELF = YES;
				CLANG_WARN_OBJC_LITERAL_CONVERSION = YES;
				CLANG_WARN_OBJC_ROOT_CLASS = YES_ERROR;
				CLANG_WARN_QUOTED_INCLUDE_IN_FRAMEWORK_HEADER = YES;
				CLANG_WARN_RANGE_LOOP_ANALYSIS = YES;
				CLANG_WARN_STRICT_PROTOTYPES = YES;
				CLANG_WARN_SUSPICIOUS_MOVE = YES;
				CLANG_WARN_UNGUARDED_AVAILABILITY = YES_AGGRESSIVE;
				CLANG_WARN_UNREACHABLE_CODE = YES;
				CLANG_WARN__DUPLICATE_METHOD_MATCH = YES;
				COPY_PHASE_STRIP = NO;
				DEBUG_INFORMATION_FORMAT = dwarf;
				ENABLE_STRICT_OBJC_MSGSEND = YES;
				ENABLE_TESTABILITY = YES;
				GCC_C_LANGUAGE_STANDARD = gnu11;
				GCC_DYNAMIC_NO_PIC = NO;
				GCC_NO_COMMON_BLOCKS = YES;
				GCC_OPTIMIZATION_LEVEL = 0;
				GCC_PREPROCESSOR_DEFINITIONS = (
					"DEBUG=1",
					"$(inherited)",
				);
				GCC_WARN_64_TO_32_BIT_CONVERSION = YES;
				GCC_WARN_ABOUT_RETURN_TYPE = YES_ERROR;
				GCC_WARN_UNDECLARED_SELECTOR = YES;
				GCC_WARN_UNINITIALIZED_AUTOS = YES_AGGRESSIVE;
				GCC_WARN_UNUSED_FUNCTION = YES;
				GCC_WARN_UNUSED_VARIABLE = YES;
				IPHONEOS_DEPLOYMENT_TARGET = 14.0;
				MTL_ENABLE_DEBUG_INFO = INCLUDE_SOURCE;
				MTL_FAST_MATH = YES;
				ONLY_ACTIVE_ARCH = YES;
				SDKROOT = iphoneos;
				SWIFT_ACTIVE_COMPILATION_CONDITIONS = DEBUG;
				SWIFT_OPTIMIZATION_LEVEL = "-Onone";
			};
			name = Debug;
		};
		AF17DB70258BE72100339FE4 /* Release */ = {
			isa = XCBuildConfiguration;
			buildSettings = {
				ALWAYS_SEARCH_USER_PATHS = NO;
				CLANG_ANALYZER_NONNULL = YES;
				CLANG_ANALYZER_NUMBER_OBJECT_CONVERSION = YES_AGGRESSIVE;
				CLANG_CXX_LANGUAGE_STANDARD = "gnu++14";
				CLANG_CXX_LIBRARY = "libc++";
				CLANG_ENABLE_MODULES = YES;
				CLANG_ENABLE_OBJC_ARC = YES;
				CLANG_ENABLE_OBJC_WEAK = YES;
				CLANG_WARN_BLOCK_CAPTURE_AUTORELEASING = YES;
				CLANG_WARN_BOOL_CONVERSION = YES;
				CLANG_WARN_COMMA = YES;
				CLANG_WARN_CONSTANT_CONVERSION = YES;
				CLANG_WARN_DEPRECATED_OBJC_IMPLEMENTATIONS = YES;
				CLANG_WARN_DIRECT_OBJC_ISA_USAGE = YES_ERROR;
				CLANG_WARN_DOCUMENTATION_COMMENTS = YES;
				CLANG_WARN_EMPTY_BODY = YES;
				CLANG_WARN_ENUM_CONVERSION = YES;
				CLANG_WARN_INFINITE_RECURSION = YES;
				CLANG_WARN_INT_CONVERSION = YES;
				CLANG_WARN_NON_LITERAL_NULL_CONVERSION = YES;
				CLANG_WARN_OBJC_IMPLICIT_RETAIN_SELF = YES;
				CLANG_WARN_OBJC_LITERAL_CONVERSION = YES;
				CLANG_WARN_OBJC_ROOT_CLASS = YES_ERROR;
				CLANG_WARN_QUOTED_INCLUDE_IN_FRAMEWORK_HEADER = YES;
				CLANG_WARN_RANGE_LOOP_ANALYSIS = YES;
				CLANG_WARN_STRICT_PROTOTYPES = YES;
				CLANG_WARN_SUSPICIOUS_MOVE = YES;
				CLANG_WARN_UNGUARDED_AVAILABILITY = YES_AGGRESSIVE;
				CLANG_WARN_UNREACHABLE_CODE = YES;
				CLANG_WARN__DUPLICATE_METHOD_MATCH = YES;
				COPY_PHASE_STRIP = NO;
				DEBUG_INFORMATION_FORMAT = "dwarf-with-dsym";
				ENABLE_NS_ASSERTIONS = NO;
				ENABLE_STRICT_OBJC_MSGSEND = YES;
				GCC_C_LANGUAGE_STANDARD = gnu11;
				GCC_NO_COMMON_BLOCKS = YES;
				GCC_WARN_64_TO_32_BIT_CONVERSION = YES;
				GCC_WARN_ABOUT_RETURN_TYPE = YES_ERROR;
				GCC_WARN_UNDECLARED_SELECTOR = YES;
				GCC_WARN_UNINITIALIZED_AUTOS = YES_AGGRESSIVE;
				GCC_WARN_UNUSED_FUNCTION = YES;
				GCC_WARN_UNUSED_VARIABLE = YES;
				IPHONEOS_DEPLOYMENT_TARGET = 14.0;
				MTL_ENABLE_DEBUG_INFO = NO;
				MTL_FAST_MATH = YES;
				SDKROOT = iphoneos;
				SWIFT_COMPILATION_MODE = wholemodule;
				SWIFT_OPTIMIZATION_LEVEL = "-O";
				VALIDATE_PRODUCT = YES;
			};
			name = Release;
		};
		AF17DB72258BE72100339FE4 /* Debug */ = {
			isa = XCBuildConfiguration;
			buildSettings = {
				ASSETCATALOG_COMPILER_APPICON_NAME = AppIcon;
				ASSETCATALOG_COMPILER_GLOBAL_ACCENT_COLOR_NAME = AccentColor;
				CODE_SIGN_STYLE = Automatic;
				INFOPLIST_FILE = CalculatorApp/Info.plist;
				LD_RUNPATH_SEARCH_PATHS = (
					"$(inherited)",
					"@executable_path/Frameworks",
				);
				PRODUCT_BUNDLE_IDENTIFIER = "-.CalculatorApp";
				PRODUCT_NAME = "$(TARGET_NAME)";
				SWIFT_VERSION = 5.0;
				TARGETED_DEVICE_FAMILY = "1,2";
			};
			name = Debug;
		};
		AF17DB73258BE72100339FE4 /* Release */ = {
			isa = XCBuildConfiguration;
			buildSettings = {
				ASSETCATALOG_COMPILER_APPICON_NAME = AppIcon;
				ASSETCATALOG_COMPILER_GLOBAL_ACCENT_COLOR_NAME = AccentColor;
				CODE_SIGN_STYLE = Automatic;
				INFOPLIST_FILE = CalculatorApp/Info.plist;
				LD_RUNPATH_SEARCH_PATHS = (
					"$(inherited)",
					"@executable_path/Frameworks",
				);
				PRODUCT_BUNDLE_IDENTIFIER = "-.CalculatorApp";
				PRODUCT_NAME = "$(TARGET_NAME)";
				SWIFT_VERSION = 5.0;
				TARGETED_DEVICE_FAMILY = "1,2";
			};
			name = Release;
		};
		AF17DB75258BE72100339FE4 /* Debug */ = {
			isa = XCBuildConfiguration;
			buildSettings = {
				ALWAYS_EMBED_SWIFT_STANDARD_LIBRARIES = YES;
				BUNDLE_LOADER = "$(TEST_HOST)";
				CODE_SIGN_STYLE = Automatic;
				INFOPLIST_FILE = CalculatorAppTests/Info.plist;
				IPHONEOS_DEPLOYMENT_TARGET = 14.0;
				LD_RUNPATH_SEARCH_PATHS = (
					"$(inherited)",
					"@executable_path/Frameworks",
					"@loader_path/Frameworks",
				);
				PRODUCT_BUNDLE_IDENTIFIER = "-.CalculatorAppTests";
				PRODUCT_NAME = "$(TARGET_NAME)";
				SWIFT_VERSION = 5.0;
				TARGETED_DEVICE_FAMILY = "1,2";
				TEST_HOST = "$(BUILT_PRODUCTS_DIR)/CalculatorApp.app/CalculatorApp";
			};
			name = Debug;
		};
		AF17DB76258BE72100339FE4 /* Release */ = {
			isa = XCBuildConfiguration;
			buildSettings = {
				ALWAYS_EMBED_SWIFT_STANDARD_LIBRARIES = YES;
				BUNDLE_LOADER = "$(TEST_HOST)";
				CODE_SIGN_STYLE = Automatic;
				INFOPLIST_FILE = CalculatorAppTests/Info.plist;
				IPHONEOS_DEPLOYMENT_TARGET = 14.0;
				LD_RUNPATH_SEARCH_PATHS = (
					"$(inherited)",
					"@executable_path/Frameworks",
					"@loader_path/Frameworks",
				);
				PRODUCT_BUNDLE_IDENTIFIER = "-.CalculatorAppTests";
				PRODUCT_NAME = "$(TARGET_NAME)";
				SWIFT_VERSION = 5.0;
				TARGETED_DEVICE_FAMILY = "1,2";
				TEST_HOST = "$(BUILT_PRODUCTS_DIR)/CalculatorApp.app/CalculatorApp";
			};
			name = Release;
		};
		AF17DB78258BE72100339FE4 /* Debug */ = {
			isa = XCBuildConfiguration;
			buildSettings = {
				ALWAYS_EMBED_SWIFT_STANDARD_LIBRARIES = YES;
				CODE_SIGN_STYLE = Automatic;
				INFOPLIST_FILE = CalculatorAppUITests/Info.plist;
				LD_RUNPATH_SEARCH_PATHS = (
					"$(inherited)",
					"@executable_path/Frameworks",
					"@loader_path/Frameworks",
				);
				PRODUCT_BUNDLE_IDENTIFIER = "-.CalculatorAppUITests";
				PRODUCT_NAME = "$(TARGET_NAME)";
				SWIFT_VERSION = 5.0;
				TARGETED_DEVICE_FAMILY = "1,2";
				TEST_TARGET_NAME = CalculatorApp;
			};
			name = Debug;
		};
		AF17DB79258BE72100339FE4 /* Release */ = {
			isa = XCBuildConfiguration;
			buildSettings = {
				ALWAYS_EMBED_SWIFT_STANDARD_LIBRARIES = YES;
				CODE_SIGN_STYLE = Automatic;
				INFOPLIST_FILE = CalculatorAppUITests/Info.plist;
				LD_RUNPATH_SEARCH_PATHS = (
					"$(inherited)",
					"@executable_path/Frameworks",
					"@loader_path/Frameworks",
				);
				PRODUCT_BUNDLE_IDENTIFIER = "-.CalculatorAppUITests";
				PRODUCT_NAME = "$(TARGET_NAME)";
				SWIFT_VERSION = 5.0;
				TARGETED_DEVICE_FAMILY = "1,2";
				TEST_TARGET_NAME = CalculatorApp;
			};
			name = Release;
		};
/* End XCBuildConfiguration section */

/* Begin XCConfigurationList section */
		AF17DB42258BE71E00339FE4 /* Build configuration list for PBXProject "CalculatorApp" */ = {
			isa = XCConfigurationList;
			buildConfigurations = (
				AF17DB6F258BE72100339FE4 /* Debug */,
				AF17DB70258BE72100339FE4 /* Release */,
			);
			defaultConfigurationIsVisible = 0;
			defaultConfigurationName = Release;
		};
		AF17DB71258BE72100339FE4 /* Build configuration list for PBXNativeTarget "CalculatorApp" */ = {
			isa = XCConfigurationList;
			buildConfigurations = (
				AF17DB72258BE72100339FE4 /* Debug */,
				AF17DB73258BE72100339FE4 /* Release */,
			);
			defaultConfigurationIsVisible = 0;
			defaultConfigurationName = Release;
		};
		AF17DB74258BE72100339FE4 /* Build configuration list for PBXNativeTarget "CalculatorAppTests" */ = {
			isa = XCConfigurationList;
			buildConfigurations = (
				AF17DB75258BE72100339FE4 /* Debug */,
				AF17DB76258BE72100339FE4 /* Release */,
			);
			defaultConfigurationIsVisible = 0;
			defaultConfigurationName = Release;
		};
		AF17DB77258BE72100339FE4 /* Build configuration list for PBXNativeTarget "CalculatorAppUITests" */ = {
			isa = XCConfigurationList;
			buildConfigurations = (
				AF17DB78258BE72100339FE4 /* Debug */,
				AF17DB79258BE72100339FE4 /* Release */,
			);
			defaultConfigurationIsVisible = 0;
			defaultConfigurationName = Release;
		};
/* End XCConfigurationList section */
	};
	rootObject = AF17DB3F258BE71E00339FE4 /* Project object */;
}
